// !$*UTF8*$!
{
	archiveVersion = 1;
	classes = {
	};
	objectVersion = 50;
	objects = {

/* Begin PBXBuildFile section */
		1D4C2A5C3345D97565DE8E5A /* Pods_CommonProject.framework in Frameworks */ = {isa = PBXBuildFile; fileRef = 75834BDBDB5A19C671957FE5 /* Pods_CommonProject.framework */; };
		6A991EA121F55673009B1A14 /* AppDelegate.swift in Sources */ = {isa = PBXBuildFile; fileRef = 6A991EA021F55673009B1A14 /* AppDelegate.swift */; };
		6A991EA321F55673009B1A14 /* ViewController.swift in Sources */ = {isa = PBXBuildFile; fileRef = 6A991EA221F55673009B1A14 /* ViewController.swift */; };
		6A991EA621F55673009B1A14 /* Main.storyboard in Resources */ = {isa = PBXBuildFile; fileRef = 6A991EA421F55673009B1A14 /* Main.storyboard */; };
		6A991EA821F55674009B1A14 /* Assets.xcassets in Resources */ = {isa = PBXBuildFile; fileRef = 6A991EA721F55674009B1A14 /* Assets.xcassets */; };
		6A991EAB21F55674009B1A14 /* LaunchScreen.storyboard in Resources */ = {isa = PBXBuildFile; fileRef = 6A991EA921F55674009B1A14 /* LaunchScreen.storyboard */; };
		6A991ECA21F56112009B1A14 /* String+Slice.swift in Sources */ = {isa = PBXBuildFile; fileRef = 6A991EC921F56112009B1A14 /* String+Slice.swift */; };
		6A991ECB21F57610009B1A14 /* String+Valids.swift in Sources */ = {isa = PBXBuildFile; fileRef = 6A991EC721F55FE1009B1A14 /* String+Valids.swift */; };
		6A991ECE21F57875009B1A14 /* Date+StringFormatter.swift in Sources */ = {isa = PBXBuildFile; fileRef = 6A991ECD21F57875009B1A14 /* Date+StringFormatter.swift */; };
		6A991ED321F6F886009B1A14 /* DeviceInfo.swift in Sources */ = {isa = PBXBuildFile; fileRef = 6A991ED221F6F886009B1A14 /* DeviceInfo.swift */; };
		6A991EDA21F7372B009B1A14 /* AppDelegate+AppService.swift in Sources */ = {isa = PBXBuildFile; fileRef = 6A991ED921F7372B009B1A14 /* AppDelegate+AppService.swift */; };
		6A991EDD21F7380F009B1A14 /* Notification+Extension.swift in Sources */ = {isa = PBXBuildFile; fileRef = 6A991EDC21F7380F009B1A14 /* Notification+Extension.swift */; };
		6A991EDF21F740CA009B1A14 /* NetwrokManager.swift in Sources */ = {isa = PBXBuildFile; fileRef = 6A991EDE21F740CA009B1A14 /* NetwrokManager.swift */; };
		6A991EE121F745AC009B1A14 /* AESCipher.swift in Sources */ = {isa = PBXBuildFile; fileRef = 6A991EE021F745AC009B1A14 /* AESCipher.swift */; };
		6A991EE521F7FF89009B1A14 /* BaseViewController.swift in Sources */ = {isa = PBXBuildFile; fileRef = 6A991EE421F7FF89009B1A14 /* BaseViewController.swift */; };
		6A991EE821F80021009B1A14 /* NoDataProtocol.swift in Sources */ = {isa = PBXBuildFile; fileRef = 6A991EE721F80021009B1A14 /* NoDataProtocol.swift */; };
		6A991EEA21F80041009B1A14 /* NetworkLoadingProtocol.swift in Sources */ = {isa = PBXBuildFile; fileRef = 6A991EE921F80041009B1A14 /* NetworkLoadingProtocol.swift */; };
		6A991EF221F80DE6009B1A14 /* BaseWkWebViewController.swift in Sources */ = {isa = PBXBuildFile; fileRef = 6A991EF121F80DE6009B1A14 /* BaseWkWebViewController.swift */; };
		6A991EF421F81430009B1A14 /* JavaScriptHandler.swift in Sources */ = {isa = PBXBuildFile; fileRef = 6A991EF321F81430009B1A14 /* JavaScriptHandler.swift */; };
/* End PBXBuildFile section */

/* Begin PBXFileReference section */
		0199FABF9FD93DCE31E67DCF /* Pods-CommonProject.release.xcconfig */ = {isa = PBXFileReference; includeInIndex = 1; lastKnownFileType = text.xcconfig; name = "Pods-CommonProject.release.xcconfig"; path = "Target Support Files/Pods-CommonProject/Pods-CommonProject.release.xcconfig"; sourceTree = "<group>"; };
		09852A45FE0A15B59C8B6416 /* Pods-CommonProject.debug.xcconfig */ = {isa = PBXFileReference; includeInIndex = 1; lastKnownFileType = text.xcconfig; name = "Pods-CommonProject.debug.xcconfig"; path = "Target Support Files/Pods-CommonProject/Pods-CommonProject.debug.xcconfig"; sourceTree = "<group>"; };
		6A991E9D21F55673009B1A14 /* CommonProject.app */ = {isa = PBXFileReference; explicitFileType = wrapper.application; includeInIndex = 0; path = CommonProject.app; sourceTree = BUILT_PRODUCTS_DIR; };
		6A991EA021F55673009B1A14 /* AppDelegate.swift */ = {isa = PBXFileReference; lastKnownFileType = sourcecode.swift; path = AppDelegate.swift; sourceTree = "<group>"; };
		6A991EA221F55673009B1A14 /* ViewController.swift */ = {isa = PBXFileReference; lastKnownFileType = sourcecode.swift; path = ViewController.swift; sourceTree = "<group>"; };
		6A991EA521F55673009B1A14 /* Base */ = {isa = PBXFileReference; lastKnownFileType = file.storyboard; name = Base; path = Base.lproj/Main.storyboard; sourceTree = "<group>"; };
		6A991EA721F55674009B1A14 /* Assets.xcassets */ = {isa = PBXFileReference; lastKnownFileType = folder.assetcatalog; path = Assets.xcassets; sourceTree = "<group>"; };
		6A991EAA21F55674009B1A14 /* Base */ = {isa = PBXFileReference; lastKnownFileType = file.storyboard; name = Base; path = Base.lproj/LaunchScreen.storyboard; sourceTree = "<group>"; };
		6A991EAC21F55674009B1A14 /* Info.plist */ = {isa = PBXFileReference; lastKnownFileType = text.plist.xml; path = Info.plist; sourceTree = "<group>"; };
		6A991EC721F55FE1009B1A14 /* String+Valids.swift */ = {isa = PBXFileReference; lastKnownFileType = sourcecode.swift; path = "String+Valids.swift"; sourceTree = "<group>"; };
		6A991EC921F56112009B1A14 /* String+Slice.swift */ = {isa = PBXFileReference; lastKnownFileType = sourcecode.swift; path = "String+Slice.swift"; sourceTree = "<group>"; };
		6A991ECD21F57875009B1A14 /* Date+StringFormatter.swift */ = {isa = PBXFileReference; lastKnownFileType = sourcecode.swift; path = "Date+StringFormatter.swift"; sourceTree = "<group>"; };
		6A991ED221F6F886009B1A14 /* DeviceInfo.swift */ = {isa = PBXFileReference; lastKnownFileType = sourcecode.swift; path = DeviceInfo.swift; sourceTree = "<group>"; };
		6A991ED921F7372B009B1A14 /* AppDelegate+AppService.swift */ = {isa = PBXFileReference; lastKnownFileType = sourcecode.swift; path = "AppDelegate+AppService.swift"; sourceTree = "<group>"; };
		6A991EDC21F7380F009B1A14 /* Notification+Extension.swift */ = {isa = PBXFileReference; lastKnownFileType = sourcecode.swift; path = "Notification+Extension.swift"; sourceTree = "<group>"; };
		6A991EDE21F740CA009B1A14 /* NetwrokManager.swift */ = {isa = PBXFileReference; lastKnownFileType = sourcecode.swift; path = NetwrokManager.swift; sourceTree = "<group>"; };
		6A991EE021F745AC009B1A14 /* AESCipher.swift */ = {isa = PBXFileReference; lastKnownFileType = sourcecode.swift; path = AESCipher.swift; sourceTree = "<group>"; };
		6A991EE421F7FF89009B1A14 /* BaseViewController.swift */ = {isa = PBXFileReference; lastKnownFileType = sourcecode.swift; path = BaseViewController.swift; sourceTree = "<group>"; };
		6A991EE721F80021009B1A14 /* NoDataProtocol.swift */ = {isa = PBXFileReference; lastKnownFileType = sourcecode.swift; path = NoDataProtocol.swift; sourceTree = "<group>"; };
		6A991EE921F80041009B1A14 /* NetworkLoadingProtocol.swift */ = {isa = PBXFileReference; lastKnownFileType = sourcecode.swift; path = NetworkLoadingProtocol.swift; sourceTree = "<group>"; };
		6A991EF121F80DE6009B1A14 /* BaseWkWebViewController.swift */ = {isa = PBXFileReference; lastKnownFileType = sourcecode.swift; path = BaseWkWebViewController.swift; sourceTree = "<group>"; };
		6A991EF321F81430009B1A14 /* JavaScriptHandler.swift */ = {isa = PBXFileReference; lastKnownFileType = sourcecode.swift; path = JavaScriptHandler.swift; sourceTree = "<group>"; };
		75834BDBDB5A19C671957FE5 /* Pods_CommonProject.framework */ = {isa = PBXFileReference; explicitFileType = wrapper.framework; includeInIndex = 0; path = Pods_CommonProject.framework; sourceTree = BUILT_PRODUCTS_DIR; };
/* End PBXFileReference section */

/* Begin PBXFrameworksBuildPhase section */
		6A991E9A21F55673009B1A14 /* Frameworks */ = {
			isa = PBXFrameworksBuildPhase;
			buildActionMask = 2147483647;
			files = (
				1D4C2A5C3345D97565DE8E5A /* Pods_CommonProject.framework in Frameworks */,
			);
			runOnlyForDeploymentPostprocessing = 0;
		};
/* End PBXFrameworksBuildPhase section */

/* Begin PBXGroup section */
		6A991E9421F55673009B1A14 = {
			isa = PBXGroup;
			children = (
				6A991E9F21F55673009B1A14 /* CommonProject */,
				6A991E9E21F55673009B1A14 /* Products */,
				6DDB53703923D81C0C293D20 /* Pods */,
				7AFEA3D31760E99BC5197D84 /* Frameworks */,
			);
			sourceTree = "<group>";
		};
		6A991E9E21F55673009B1A14 /* Products */ = {
			isa = PBXGroup;
			children = (
				6A991E9D21F55673009B1A14 /* CommonProject.app */,
			);
			name = Products;
			sourceTree = "<group>";
		};
		6A991E9F21F55673009B1A14 /* CommonProject */ = {
			isa = PBXGroup;
			children = (
				6A991EB721F55888009B1A14 /* App-1-应用入口 */,
				6A991EB821F55894009B1A14 /* Modules-2-功能模块 */,
				6A991EB921F558BE009B1A14 /* Manager-3-管理模块 */,
				6A991ED421F7347D009B1A14 /* Core-4-工具 */,
				6A991EBC21F55921009B1A14 /* ThirdParty-6-第三方库 */,
				6A991EBE21F5594E009B1A14 /* Resource-7-资源文件夹 */,
				6A991EB621F55870009B1A14 /* Components-9-组件（不属于这里采用CocoaPods集成） */,
				6A991EA721F55674009B1A14 /* Assets.xcassets */,
			);
			path = CommonProject;
			sourceTree = "<group>";
		};
		6A991EB221F55715009B1A14 /* String */ = {
			isa = PBXGroup;
			children = (
				6A991EC721F55FE1009B1A14 /* String+Valids.swift */,
				6A991EC921F56112009B1A14 /* String+Slice.swift */,
			);
			path = String;
			sourceTree = "<group>";
		};
		6A991EB321F55728009B1A14 /* BasicComponents */ = {
			isa = PBXGroup;
			children = (
				6A991ECC21F57840009B1A14 /* Date */,
				6A991EB221F55715009B1A14 /* String */,
			);
			path = BasicComponents;
			sourceTree = "<group>";
		};
		6A991EB421F5574A009B1A14 /* BusinessComponents */ = {
			isa = PBXGroup;
			children = (
			);
			path = BusinessComponents;
			sourceTree = "<group>";
		};
		6A991EB521F55756009B1A14 /* FunctionComponents */ = {
			isa = PBXGroup;
			children = (
			);
			path = FunctionComponents;
			sourceTree = "<group>";
		};
		6A991EB621F55870009B1A14 /* Components-9-组件（不属于这里采用CocoaPods集成） */ = {
			isa = PBXGroup;
			children = (
				6A991EB321F55728009B1A14 /* BasicComponents */,
				6A991EB521F55756009B1A14 /* FunctionComponents */,
				6A991EB421F5574A009B1A14 /* BusinessComponents */,
			);
			path = "Components-9-组件（不属于这里采用CocoaPods集成）";
			sourceTree = "<group>";
		};
		6A991EB721F55888009B1A14 /* App-1-应用入口 */ = {
			isa = PBXGroup;
			children = (
				6A991EAC21F55674009B1A14 /* Info.plist */,
				6A991EA021F55673009B1A14 /* AppDelegate.swift */,
				6A991ED921F7372B009B1A14 /* AppDelegate+AppService.swift */,
				6A991EA221F55673009B1A14 /* ViewController.swift */,
				6A991EA421F55673009B1A14 /* Main.storyboard */,
				6A991EA921F55674009B1A14 /* LaunchScreen.storyboard */,
			);
			path = "App-1-应用入口";
			sourceTree = "<group>";
		};
		6A991EB821F55894009B1A14 /* Modules-2-功能模块 */ = {
			isa = PBXGroup;
			children = (
				6A991ED521F734DD009B1A14 /* HTML5（原生和H5交互） */,
				6A991EC021F55A29009B1A14 /* Home（首页） */,
				6A991EC221F55A62009B1A14 /* Message（消息） */,
				6A991EC121F55A2E009B1A14 /* Profile（我的） */,
				6A991EBF21F55A14009B1A14 /* Login（登录相关） */,
			);
			path = "Modules-2-功能模块";
			sourceTree = "<group>";
		};
		6A991EB921F558BE009B1A14 /* Manager-3-管理模块 */ = {
			isa = PBXGroup;
			children = (
			);
			path = "Manager-3-管理模块";
			sourceTree = "<group>";
		};
		6A991EBA21F558F4009B1A14 /* Utils-工具类 */ = {
			isa = PBXGroup;
			children = (
				6A991EDE21F740CA009B1A14 /* NetwrokManager.swift */,
				6A991ED221F6F886009B1A14 /* DeviceInfo.swift */,
				6A991EE021F745AC009B1A14 /* AESCipher.swift */,
			);
			path = "Utils-工具类";
			sourceTree = "<group>";
		};
		6A991EBB21F5590B009B1A14 /* Base-基类 */ = {
			isa = PBXGroup;
			children = (
				6A991EE621F7FFFB009B1A14 /* Protocols */,
				6A991EE321F7FF61009B1A14 /* Views */,
				6A991EE221F7FF55009B1A14 /* ViewControllers */,
			);
			path = "Base-基类";
			sourceTree = "<group>";
		};
		6A991EBC21F55921009B1A14 /* ThirdParty-6-第三方库 */ = {
			isa = PBXGroup;
			children = (
			);
			path = "ThirdParty-6-第三方库";
			sourceTree = "<group>";
		};
		6A991EBE21F5594E009B1A14 /* Resource-7-资源文件夹 */ = {
			isa = PBXGroup;
			children = (
			);
			path = "Resource-7-资源文件夹";
			sourceTree = "<group>";
		};
		6A991EBF21F55A14009B1A14 /* Login（登录相关） */ = {
			isa = PBXGroup;
			children = (
			);
			path = "Login（登录相关）";
			sourceTree = "<group>";
		};
		6A991EC021F55A29009B1A14 /* Home（首页） */ = {
			isa = PBXGroup;
			children = (
				6A991EC621F55A9F009B1A14 /* Logic */,
				6A991EC521F55A96009B1A14 /* Views */,
				6A991EC421F55A8F009B1A14 /* ViewControllers */,
				6A991EC321F55A80009B1A14 /* Models */,
			);
			path = "Home（首页）";
			sourceTree = "<group>";
		};
		6A991EC121F55A2E009B1A14 /* Profile（我的） */ = {
			isa = PBXGroup;
			children = (
			);
			path = "Profile（我的）";
			sourceTree = "<group>";
		};
		6A991EC221F55A62009B1A14 /* Message（消息） */ = {
			isa = PBXGroup;
			children = (
			);
			path = "Message（消息）";
			sourceTree = "<group>";
		};
		6A991EC321F55A80009B1A14 /* Models */ = {
			isa = PBXGroup;
			children = (
			);
			path = Models;
			sourceTree = "<group>";
		};
		6A991EC421F55A8F009B1A14 /* ViewControllers */ = {
			isa = PBXGroup;
			children = (
			);
			path = ViewControllers;
			sourceTree = "<group>";
		};
		6A991EC521F55A96009B1A14 /* Views */ = {
			isa = PBXGroup;
			children = (
			);
			path = Views;
			sourceTree = "<group>";
		};
		6A991EC621F55A9F009B1A14 /* Logic */ = {
			isa = PBXGroup;
			children = (
			);
			path = Logic;
			sourceTree = "<group>";
		};
		6A991ECC21F57840009B1A14 /* Date */ = {
			isa = PBXGroup;
			children = (
				6A991ECD21F57875009B1A14 /* Date+StringFormatter.swift */,
			);
			path = Date;
			sourceTree = "<group>";
		};
		6A991ED421F7347D009B1A14 /* Core-4-工具 */ = {
			isa = PBXGroup;
			children = (
				6A991EDB21F737D1009B1A14 /* Extensions-扩展 */,
				6A991EBB21F5590B009B1A14 /* Base-基类 */,
				6A991EBA21F558F4009B1A14 /* Utils-工具类 */,
			);
			path = "Core-4-工具";
			sourceTree = "<group>";
		};
		6A991ED521F734DD009B1A14 /* HTML5（原生和H5交互） */ = {
			isa = PBXGroup;
			children = (
				6A991ED821F73533009B1A14 /* Models */,
				6A991ED721F7352D009B1A14 /* Views */,
				6A991ED621F73519009B1A14 /* ViewControllers */,
			);
			path = "HTML5（原生和H5交互）";
			sourceTree = "<group>";
		};
		6A991ED621F73519009B1A14 /* ViewControllers */ = {
			isa = PBXGroup;
			children = (
			);
			path = ViewControllers;
			sourceTree = "<group>";
		};
		6A991ED721F7352D009B1A14 /* Views */ = {
			isa = PBXGroup;
			children = (
			);
			path = Views;
			sourceTree = "<group>";
		};
		6A991ED821F73533009B1A14 /* Models */ = {
			isa = PBXGroup;
			children = (
			);
			path = Models;
			sourceTree = "<group>";
		};
		6A991EDB21F737D1009B1A14 /* Extensions-扩展 */ = {
			isa = PBXGroup;
			children = (
				6A991EDC21F7380F009B1A14 /* Notification+Extension.swift */,
			);
			path = "Extensions-扩展";
			sourceTree = "<group>";
		};
		6A991EE221F7FF55009B1A14 /* ViewControllers */ = {
			isa = PBXGroup;
			children = (
				6A991EEE21F80C17009B1A14 /* WebViewController */,
				6A991EED21F80C02009B1A14 /* UITabbarViewController */,
				6A991EEC21F80BF5009B1A14 /* UINavigationController */,
				6A991EEB21F80BDF009B1A14 /* UIViewController */,
			);
			path = ViewControllers;
			sourceTree = "<group>";
		};
		6A991EE321F7FF61009B1A14 /* Views */ = {
			isa = PBXGroup;
			children = (
			);
			path = Views;
			sourceTree = "<group>";
		};
		6A991EE621F7FFFB009B1A14 /* Protocols */ = {
			isa = PBXGroup;
			children = (
				6A991EE721F80021009B1A14 /* NoDataProtocol.swift */,
				6A991EE921F80041009B1A14 /* NetworkLoadingProtocol.swift */,
			);
			path = Protocols;
			sourceTree = "<group>";
		};
		6A991EEB21F80BDF009B1A14 /* UIViewController */ = {
			isa = PBXGroup;
			children = (
				6A991EE421F7FF89009B1A14 /* BaseViewController.swift */,
			);
			path = UIViewController;
			sourceTree = "<group>";
		};
		6A991EEC21F80BF5009B1A14 /* UINavigationController */ = {
			isa = PBXGroup;
			children = (
			);
			path = UINavigationController;
			sourceTree = "<group>";
		};
		6A991EED21F80C02009B1A14 /* UITabbarViewController */ = {
			isa = PBXGroup;
			children = (
			);
			path = UITabbarViewController;
			sourceTree = "<group>";
		};
		6A991EEE21F80C17009B1A14 /* WebViewController */ = {
			isa = PBXGroup;
			children = (
				6A991EF021F80C33009B1A14 /* WKWebViewController */,
				6A991EEF21F80C26009B1A14 /* UIWebViewController */,
				6A991EF321F81430009B1A14 /* JavaScriptHandler.swift */,
			);
			path = WebViewController;
			sourceTree = "<group>";
		};
		6A991EEF21F80C26009B1A14 /* UIWebViewController */ = {
			isa = PBXGroup;
			children = (
			);
			path = UIWebViewController;
			sourceTree = "<group>";
		};
		6A991EF021F80C33009B1A14 /* WKWebViewController */ = {
			isa = PBXGroup;
			children = (
				6A991EF121F80DE6009B1A14 /* BaseWkWebViewController.swift */,
			);
			path = WKWebViewController;
			sourceTree = "<group>";
		};
		6DDB53703923D81C0C293D20 /* Pods */ = {
			isa = PBXGroup;
			children = (
				09852A45FE0A15B59C8B6416 /* Pods-CommonProject.debug.xcconfig */,
				0199FABF9FD93DCE31E67DCF /* Pods-CommonProject.release.xcconfig */,
			);
			path = Pods;
			sourceTree = "<group>";
		};
		7AFEA3D31760E99BC5197D84 /* Frameworks */ = {
			isa = PBXGroup;
			children = (
				75834BDBDB5A19C671957FE5 /* Pods_CommonProject.framework */,
			);
			name = Frameworks;
			sourceTree = "<group>";
		};
/* End PBXGroup section */

/* Begin PBXNativeTarget section */
		6A991E9C21F55673009B1A14 /* CommonProject */ = {
			isa = PBXNativeTarget;
			buildConfigurationList = 6A991EAF21F55674009B1A14 /* Build configuration list for PBXNativeTarget "CommonProject" */;
			buildPhases = (
				8F1434C52F7EA00C4BE643F2 /* [CP] Check Pods Manifest.lock */,
				6A991E9921F55673009B1A14 /* Sources */,
				6A991E9A21F55673009B1A14 /* Frameworks */,
				6A991E9B21F55673009B1A14 /* Resources */,
				FE4E9155AEF1F1FBA7C3C4C9 /* [CP] Embed Pods Frameworks */,
			);
			buildRules = (
			);
			dependencies = (
			);
			name = CommonProject;
			productName = CommonProject;
			productReference = 6A991E9D21F55673009B1A14 /* CommonProject.app */;
			productType = "com.apple.product-type.application";
		};
/* End PBXNativeTarget section */

/* Begin PBXProject section */
		6A991E9521F55673009B1A14 /* Project object */ = {
			isa = PBXProject;
			attributes = {
				LastSwiftUpdateCheck = 1010;
				LastUpgradeCheck = 1010;
				ORGANIZATIONNAME = mozhe;
				TargetAttributes = {
					6A991E9C21F55673009B1A14 = {
						CreatedOnToolsVersion = 10.1;
					};
				};
			};
			buildConfigurationList = 6A991E9821F55673009B1A14 /* Build configuration list for PBXProject "CommonProject" */;
			compatibilityVersion = "Xcode 9.3";
			developmentRegion = en;
			hasScannedForEncodings = 0;
			knownRegions = (
				en,
				Base,
			);
			mainGroup = 6A991E9421F55673009B1A14;
			productRefGroup = 6A991E9E21F55673009B1A14 /* Products */;
			projectDirPath = "";
			projectRoot = "";
			targets = (
				6A991E9C21F55673009B1A14 /* CommonProject */,
			);
		};
/* End PBXProject section */

/* Begin PBXResourcesBuildPhase section */
		6A991E9B21F55673009B1A14 /* Resources */ = {
			isa = PBXResourcesBuildPhase;
			buildActionMask = 2147483647;
			files = (
				6A991EAB21F55674009B1A14 /* LaunchScreen.storyboard in Resources */,
				6A991EA821F55674009B1A14 /* Assets.xcassets in Resources */,
				6A991EA621F55673009B1A14 /* Main.storyboard in Resources */,
			);
			runOnlyForDeploymentPostprocessing = 0;
		};
/* End PBXResourcesBuildPhase section */

/* Begin PBXShellScriptBuildPhase section */
		8F1434C52F7EA00C4BE643F2 /* [CP] Check Pods Manifest.lock */ = {
			isa = PBXShellScriptBuildPhase;
			buildActionMask = 2147483647;
			files = (
			);
			inputFileListPaths = (
			);
			inputPaths = (
				"${PODS_PODFILE_DIR_PATH}/Podfile.lock",
				"${PODS_ROOT}/Manifest.lock",
			);
			name = "[CP] Check Pods Manifest.lock";
			outputFileListPaths = (
			);
			outputPaths = (
				"$(DERIVED_FILE_DIR)/Pods-CommonProject-checkManifestLockResult.txt",
			);
			runOnlyForDeploymentPostprocessing = 0;
			shellPath = /bin/sh;
			shellScript = "diff \"${PODS_PODFILE_DIR_PATH}/Podfile.lock\" \"${PODS_ROOT}/Manifest.lock\" > /dev/null\nif [ $? != 0 ] ; then\n    # print error to STDERR\n    echo \"error: The sandbox is not in sync with the Podfile.lock. Run 'pod install' or update your CocoaPods installation.\" >&2\n    exit 1\nfi\n# This output is used by Xcode 'outputs' to avoid re-running this script phase.\necho \"SUCCESS\" > \"${SCRIPT_OUTPUT_FILE_0}\"\n";
			showEnvVarsInLog = 0;
		};
		FE4E9155AEF1F1FBA7C3C4C9 /* [CP] Embed Pods Frameworks */ = {
			isa = PBXShellScriptBuildPhase;
			buildActionMask = 2147483647;
			files = (
			);
			inputFileListPaths = (
			);
			inputPaths = (
				"${PODS_ROOT}/Target Support Files/Pods-CommonProject/Pods-CommonProject-frameworks.sh",
				"${BUILT_PRODUCTS_DIR}/Alamofire/Alamofire.framework",
				"${BUILT_PRODUCTS_DIR}/DeviceKit/DeviceKit.framework",
				"${BUILT_PRODUCTS_DIR}/Kingfisher/Kingfisher.framework",
				"${BUILT_PRODUCTS_DIR}/MBProgressHUD/MBProgressHUD.framework",
				"${BUILT_PRODUCTS_DIR}/MJRefresh/MJRefresh.framework",
				"${BUILT_PRODUCTS_DIR}/SnapKit/SnapKit.framework",
				"${BUILT_PRODUCTS_DIR}/YYKit/YYKit.framework",
			);
			name = "[CP] Embed Pods Frameworks";
			outputFileListPaths = (
			);
			outputPaths = (
				"${TARGET_BUILD_DIR}/${FRAMEWORKS_FOLDER_PATH}/Alamofire.framework",
				"${TARGET_BUILD_DIR}/${FRAMEWORKS_FOLDER_PATH}/DeviceKit.framework",
				"${TARGET_BUILD_DIR}/${FRAMEWORKS_FOLDER_PATH}/Kingfisher.framework",
				"${TARGET_BUILD_DIR}/${FRAMEWORKS_FOLDER_PATH}/MBProgressHUD.framework",
				"${TARGET_BUILD_DIR}/${FRAMEWORKS_FOLDER_PATH}/MJRefresh.framework",
				"${TARGET_BUILD_DIR}/${FRAMEWORKS_FOLDER_PATH}/SnapKit.framework",
				"${TARGET_BUILD_DIR}/${FRAMEWORKS_FOLDER_PATH}/YYKit.framework",
			);
			runOnlyForDeploymentPostprocessing = 0;
			shellPath = /bin/sh;
			shellScript = "\"${PODS_ROOT}/Target Support Files/Pods-CommonProject/Pods-CommonProject-frameworks.sh\"\n";
			showEnvVarsInLog = 0;
		};
/* End PBXShellScriptBuildPhase section */

/* Begin PBXSourcesBuildPhase section */
		6A991E9921F55673009B1A14 /* Sources */ = {
			isa = PBXSourcesBuildPhase;
			buildActionMask = 2147483647;
			files = (
				6A991EE821F80021009B1A14 /* NoDataProtocol.swift in Sources */,
				6A991EE121F745AC009B1A14 /* AESCipher.swift in Sources */,
				6A991EEA21F80041009B1A14 /* NetworkLoadingProtocol.swift in Sources */,
				6A991ECE21F57875009B1A14 /* Date+StringFormatter.swift in Sources */,
				6A991EE521F7FF89009B1A14 /* BaseViewController.swift in Sources */,
				6A991ED321F6F886009B1A14 /* DeviceInfo.swift in Sources */,
				6A991ECB21F57610009B1A14 /* String+Valids.swift in Sources */,
				6A991EA321F55673009B1A14 /* ViewController.swift in Sources */,
				6A991EDF21F740CA009B1A14 /* NetwrokManager.swift in Sources */,
				6A991EA121F55673009B1A14 /* AppDelegate.swift in Sources */,
				6A991EDA21F7372B009B1A14 /* AppDelegate+AppService.swift in Sources */,
				6A991EDD21F7380F009B1A14 /* Notification+Extension.swift in Sources */,
				6A991EF221F80DE6009B1A14 /* BaseWkWebViewController.swift in Sources */,
				6A991EF421F81430009B1A14 /* JavaScriptHandler.swift in Sources */,
				6A991ECA21F56112009B1A14 /* String+Slice.swift in Sources */,
			);
			runOnlyForDeploymentPostprocessing = 0;
		};
/* End PBXSourcesBuildPhase section */

/* Begin PBXVariantGroup section */
		6A991EA421F55673009B1A14 /* Main.storyboard */ = {
			isa = PBXVariantGroup;
			children = (
				6A991EA521F55673009B1A14 /* Base */,
			);
			name = Main.storyboard;
			sourceTree = "<group>";
		};
		6A991EA921F55674009B1A14 /* LaunchScreen.storyboard */ = {
			isa = PBXVariantGroup;
			children = (
				6A991EAA21F55674009B1A14 /* Base */,
			);
			name = LaunchScreen.storyboard;
			sourceTree = "<group>";
		};
/* End PBXVariantGroup section */

/* Begin XCBuildConfiguration section */
		6A991EAD21F55674009B1A14 /* Debug */ = {
			isa = XCBuildConfiguration;
			buildSettings = {
				ALWAYS_SEARCH_USER_PATHS = NO;
				CLANG_ANALYZER_NONNULL = YES;
				CLANG_ANALYZER_NUMBER_OBJECT_CONVERSION = YES_AGGRESSIVE;
				CLANG_CXX_LANGUAGE_STANDARD = "gnu++14";
				CLANG_CXX_LIBRARY = "libc++";
				CLANG_ENABLE_MODULES = YES;
				CLANG_ENABLE_OBJC_ARC = YES;
				CLANG_ENABLE_OBJC_WEAK = YES;
				CLANG_WARN_BLOCK_CAPTURE_AUTORELEASING = YES;
				CLANG_WARN_BOOL_CONVERSION = YES;
				CLANG_WARN_COMMA = YES;
				CLANG_WARN_CONSTANT_CONVERSION = YES;
				CLANG_WARN_DEPRECATED_OBJC_IMPLEMENTATIONS = YES;
				CLANG_WARN_DIRECT_OBJC_ISA_USAGE = YES_ERROR;
				CLANG_WARN_DOCUMENTATION_COMMENTS = YES;
				CLANG_WARN_EMPTY_BODY = YES;
				CLANG_WARN_ENUM_CONVERSION = YES;
				CLANG_WARN_INFINITE_RECURSION = YES;
				CLANG_WARN_INT_CONVERSION = YES;
				CLANG_WARN_NON_LITERAL_NULL_CONVERSION = YES;
				CLANG_WARN_OBJC_IMPLICIT_RETAIN_SELF = YES;
				CLANG_WARN_OBJC_LITERAL_CONVERSION = YES;
				CLANG_WARN_OBJC_ROOT_CLASS = YES_ERROR;
				CLANG_WARN_RANGE_LOOP_ANALYSIS = YES;
				CLANG_WARN_STRICT_PROTOTYPES = YES;
				CLANG_WARN_SUSPICIOUS_MOVE = YES;
				CLANG_WARN_UNGUARDED_AVAILABILITY = YES_AGGRESSIVE;
				CLANG_WARN_UNREACHABLE_CODE = YES;
				CLANG_WARN__DUPLICATE_METHOD_MATCH = YES;
				CODE_SIGN_IDENTITY = "iPhone Developer";
				COPY_PHASE_STRIP = NO;
				DEBUG_INFORMATION_FORMAT = dwarf;
				ENABLE_STRICT_OBJC_MSGSEND = YES;
				ENABLE_TESTABILITY = YES;
				GCC_C_LANGUAGE_STANDARD = gnu11;
				GCC_DYNAMIC_NO_PIC = NO;
				GCC_NO_COMMON_BLOCKS = YES;
				GCC_OPTIMIZATION_LEVEL = 0;
				GCC_PREPROCESSOR_DEFINITIONS = (
					"DEBUG=1",
					"$(inherited)",
				);
				GCC_WARN_64_TO_32_BIT_CONVERSION = YES;
				GCC_WARN_ABOUT_RETURN_TYPE = YES_ERROR;
				GCC_WARN_UNDECLARED_SELECTOR = YES;
				GCC_WARN_UNINITIALIZED_AUTOS = YES_AGGRESSIVE;
				GCC_WARN_UNUSED_FUNCTION = YES;
				GCC_WARN_UNUSED_VARIABLE = YES;
				IPHONEOS_DEPLOYMENT_TARGET = 12.1;
				MTL_ENABLE_DEBUG_INFO = INCLUDE_SOURCE;
				MTL_FAST_MATH = YES;
				ONLY_ACTIVE_ARCH = YES;
				SDKROOT = iphoneos;
				SWIFT_ACTIVE_COMPILATION_CONDITIONS = DEBUG;
				SWIFT_OPTIMIZATION_LEVEL = "-Onone";
			};
			name = Debug;
		};
		6A991EAE21F55674009B1A14 /* Release */ = {
			isa = XCBuildConfiguration;
			buildSettings = {
				ALWAYS_SEARCH_USER_PATHS = NO;
				CLANG_ANALYZER_NONNULL = YES;
				CLANG_ANALYZER_NUMBER_OBJECT_CONVERSION = YES_AGGRESSIVE;
				CLANG_CXX_LANGUAGE_STANDARD = "gnu++14";
				CLANG_CXX_LIBRARY = "libc++";
				CLANG_ENABLE_MODULES = YES;
				CLANG_ENABLE_OBJC_ARC = YES;
				CLANG_ENABLE_OBJC_WEAK = YES;
				CLANG_WARN_BLOCK_CAPTURE_AUTORELEASING = YES;
				CLANG_WARN_BOOL_CONVERSION = YES;
				CLANG_WARN_COMMA = YES;
				CLANG_WARN_CONSTANT_CONVERSION = YES;
				CLANG_WARN_DEPRECATED_OBJC_IMPLEMENTATIONS = YES;
				CLANG_WARN_DIRECT_OBJC_ISA_USAGE = YES_ERROR;
				CLANG_WARN_DOCUMENTATION_COMMENTS = YES;
				CLANG_WARN_EMPTY_BODY = YES;
				CLANG_WARN_ENUM_CONVERSION = YES;
				CLANG_WARN_INFINITE_RECURSION = YES;
				CLANG_WARN_INT_CONVERSION = YES;
				CLANG_WARN_NON_LITERAL_NULL_CONVERSION = YES;
				CLANG_WARN_OBJC_IMPLICIT_RETAIN_SELF = YES;
				CLANG_WARN_OBJC_LITERAL_CONVERSION = YES;
				CLANG_WARN_OBJC_ROOT_CLASS = YES_ERROR;
				CLANG_WARN_RANGE_LOOP_ANALYSIS = YES;
				CLANG_WARN_STRICT_PROTOTYPES = YES;
				CLANG_WARN_SUSPICIOUS_MOVE = YES;
				CLANG_WARN_UNGUARDED_AVAILABILITY = YES_AGGRESSIVE;
				CLANG_WARN_UNREACHABLE_CODE = YES;
				CLANG_WARN__DUPLICATE_METHOD_MATCH = YES;
				CODE_SIGN_IDENTITY = "iPhone Developer";
				COPY_PHASE_STRIP = NO;
				DEBUG_INFORMATION_FORMAT = "dwarf-with-dsym";
				ENABLE_NS_ASSERTIONS = NO;
				ENABLE_STRICT_OBJC_MSGSEND = YES;
				GCC_C_LANGUAGE_STANDARD = gnu11;
				GCC_NO_COMMON_BLOCKS = YES;
				GCC_WARN_64_TO_32_BIT_CONVERSION = YES;
				GCC_WARN_ABOUT_RETURN_TYPE = YES_ERROR;
				GCC_WARN_UNDECLARED_SELECTOR = YES;
				GCC_WARN_UNINITIALIZED_AUTOS = YES_AGGRESSIVE;
				GCC_WARN_UNUSED_FUNCTION = YES;
				GCC_WARN_UNUSED_VARIABLE = YES;
				IPHONEOS_DEPLOYMENT_TARGET = 12.1;
				MTL_ENABLE_DEBUG_INFO = NO;
				MTL_FAST_MATH = YES;
				SDKROOT = iphoneos;
				SWIFT_COMPILATION_MODE = wholemodule;
				SWIFT_OPTIMIZATION_LEVEL = "-O";
				VALIDATE_PRODUCT = YES;
			};
			name = Release;
		};
		6A991EB021F55674009B1A14 /* Debug */ = {
			isa = XCBuildConfiguration;
			baseConfigurationReference = 09852A45FE0A15B59C8B6416 /* Pods-CommonProject.debug.xcconfig */;
			buildSettings = {
				ASSETCATALOG_COMPILER_APPICON_NAME = AppIcon;
				CODE_SIGN_STYLE = Automatic;
				DEVELOPMENT_TEAM = 8MBN2HRF72;
				INFOPLIST_FILE = "CommonProject/App-1-应用入口/Info.plist";
				IPHONEOS_DEPLOYMENT_TARGET = 11.0;
				LD_RUNPATH_SEARCH_PATHS = (
					"$(inherited)",
					"@executable_path/Frameworks",
				);
				PRODUCT_BUNDLE_IDENTIFIER = com.mozheanquan.CommonProject;
				PRODUCT_NAME = "$(TARGET_NAME)";
				SWIFT_VERSION = 4.2;
				TARGETED_DEVICE_FAMILY = "1,2";
			};
			name = Debug;
		};
		6A991EB121F55674009B1A14 /* Release */ = {
			isa = XCBuildConfiguration;
			baseConfigurationReference = 0199FABF9FD93DCE31E67DCF /* Pods-CommonProject.release.xcconfig */;
			buildSettings = {
				ASSETCATALOG_COMPILER_APPICON_NAME = AppIcon;
				CODE_SIGN_STYLE = Automatic;
				DEVELOPMENT_TEAM = 8MBN2HRF72;
				INFOPLIST_FILE = "CommonProject/App-1-应用入口/Info.plist";
				IPHONEOS_DEPLOYMENT_TARGET = 11.0;
				LD_RUNPATH_SEARCH_PATHS = (
					"$(inherited)",
					"@executable_path/Frameworks",
				);
				PRODUCT_BUNDLE_IDENTIFIER = com.mozheanquan.CommonProject;
				PRODUCT_NAME = "$(TARGET_NAME)";
				SWIFT_VERSION = 4.2;
				TARGETED_DEVICE_FAMILY = "1,2";
			};
			name = Release;
		};
/* End XCBuildConfiguration section */

/* Begin XCConfigurationList section */
		6A991E9821F55673009B1A14 /* Build configuration list for PBXProject "CommonProject" */ = {
			isa = XCConfigurationList;
			buildConfigurations = (
				6A991EAD21F55674009B1A14 /* Debug */,
				6A991EAE21F55674009B1A14 /* Release */,
			);
			defaultConfigurationIsVisible = 0;
			defaultConfigurationName = Release;
		};
		6A991EAF21F55674009B1A14 /* Build configuration list for PBXNativeTarget "CommonProject" */ = {
			isa = XCConfigurationList;
			buildConfigurations = (
				6A991EB021F55674009B1A14 /* Debug */,
				6A991EB121F55674009B1A14 /* Release */,
			);
			defaultConfigurationIsVisible = 0;
			defaultConfigurationName = Release;
		};
/* End XCConfigurationList section */
	};
	rootObject = 6A991E9521F55673009B1A14 /* Project object */;
}
